# This file is automatically @generated by Cargo.
# It is not intended for manual editing.
version = 3

[[package]]
name = "advent_of_code_2024"
version = "0.1.0"
dependencies = [
 "day1",
 "shared_types",
]

[[package]]
name = "day1"
version = "0.1.0"
dependencies = [
 "shared_types",
]

[[package]]
name = "shared_types"
version = "0.1.0"
